// !$*UTF8*$!
{
	archiveVersion = 1;
	classes = {
	};
	objectVersion = 46;
	objects = {

/* Begin PBXBuildFile section */
		241764491D5DBE830034FAD3 /* AppDelegate.swift in Sources */ = {isa = PBXBuildFile; fileRef = 241764481D5DBE830034FAD3 /* AppDelegate.swift */; };
		2417644B1D5DBE830034FAD3 /* ViewController.swift in Sources */ = {isa = PBXBuildFile; fileRef = 2417644A1D5DBE830034FAD3 /* ViewController.swift */; };
		2417644E1D5DBE830034FAD3 /* Main.storyboard in Resources */ = {isa = PBXBuildFile; fileRef = 2417644C1D5DBE830034FAD3 /* Main.storyboard */; };
		241764501D5DBE830034FAD3 /* Assets.xcassets in Resources */ = {isa = PBXBuildFile; fileRef = 2417644F1D5DBE830034FAD3 /* Assets.xcassets */; };
		241764531D5DBE830034FAD3 /* LaunchScreen.storyboard in Resources */ = {isa = PBXBuildFile; fileRef = 241764511D5DBE830034FAD3 /* LaunchScreen.storyboard */; };
		241764951D5DCBBB0034FAD3 /* PlayerExtension.swift in Sources */ = {isa = PBXBuildFile; fileRef = 2417647E1D5DCBBB0034FAD3 /* PlayerExtension.swift */; };
		241764961D5DCBBB0034FAD3 /* PlayerVisual.swift in Sources */ = {isa = PBXBuildFile; fileRef = 2417647F1D5DCBBB0034FAD3 /* PlayerVisual.swift */; };
		2417649E1D5DCBD80034FAD3 /* Player.swift in Sources */ = {isa = PBXBuildFile; fileRef = 2417649D1D5DCBD80034FAD3 /* Player.swift */; };
		2434F5981D5EA90800FEAA32 /* PlayVisualComponent.swift in Sources */ = {isa = PBXBuildFile; fileRef = 2434F5971D5EA90800FEAA32 /* PlayVisualComponent.swift */; };
		2434F5A11D5F14A400FEAA32 /* bufferLoading.gif in Resources */ = {isa = PBXBuildFile; fileRef = 2434F59B1D5F14A400FEAA32 /* bufferLoading.gif */; };
		2434F5A21D5F14A400FEAA32 /* wait.png in Resources */ = {isa = PBXBuildFile; fileRef = 2434F59C1D5F14A400FEAA32 /* wait.png */; };
		2434F5A51D5F14A400FEAA32 /* stop.png in Resources */ = {isa = PBXBuildFile; fileRef = 2434F59F1D5F14A400FEAA32 /* stop.png */; };
		2434F5A71D5F150A00FEAA32 /* play.png in Resources */ = {isa = PBXBuildFile; fileRef = 2434F5A61D5F150A00FEAA32 /* play.png */; };
		8A8790A150042FBF89837D97 /* Pods.framework in Frameworks */ = {isa = PBXBuildFile; fileRef = A6624E1408FB57F562C53BEA /* Pods.framework */; };
/* End PBXBuildFile section */

/* Begin PBXFileReference section */
		05F66AB20228C99FF7BABC21 /* Pods.debug.xcconfig */ = {isa = PBXFileReference; includeInIndex = 1; lastKnownFileType = text.xcconfig; name = Pods.debug.xcconfig; path = "Pods/Target Support Files/Pods/Pods.debug.xcconfig"; sourceTree = "<group>"; };
		241764451D5DBE830034FAD3 /* PlayerVisual.app */ = {isa = PBXFileReference; explicitFileType = wrapper.application; includeInIndex = 0; path = PlayerVisual.app; sourceTree = BUILT_PRODUCTS_DIR; };
		241764481D5DBE830034FAD3 /* AppDelegate.swift */ = {isa = PBXFileReference; lastKnownFileType = sourcecode.swift; path = AppDelegate.swift; sourceTree = "<group>"; };
		2417644A1D5DBE830034FAD3 /* ViewController.swift */ = {isa = PBXFileReference; lastKnownFileType = sourcecode.swift; path = ViewController.swift; sourceTree = "<group>"; };
		2417644D1D5DBE830034FAD3 /* Base */ = {isa = PBXFileReference; lastKnownFileType = file.storyboard; name = Base; path = Base.lproj/Main.storyboard; sourceTree = "<group>"; };
		2417644F1D5DBE830034FAD3 /* Assets.xcassets */ = {isa = PBXFileReference; lastKnownFileType = folder.assetcatalog; path = Assets.xcassets; sourceTree = "<group>"; };
		241764521D5DBE830034FAD3 /* Base */ = {isa = PBXFileReference; lastKnownFileType = file.storyboard; name = Base; path = Base.lproj/LaunchScreen.storyboard; sourceTree = "<group>"; };
		241764541D5DBE830034FAD3 /* Info.plist */ = {isa = PBXFileReference; lastKnownFileType = text.plist.xml; path = Info.plist; sourceTree = "<group>"; };
		2417647E1D5DCBBB0034FAD3 /* PlayerExtension.swift */ = {isa = PBXFileReference; fileEncoding = 4; lastKnownFileType = sourcecode.swift; path = PlayerExtension.swift; sourceTree = "<group>"; };
		2417647F1D5DCBBB0034FAD3 /* PlayerVisual.swift */ = {isa = PBXFileReference; fileEncoding = 4; lastKnownFileType = sourcecode.swift; path = PlayerVisual.swift; sourceTree = "<group>"; };
		2417649D1D5DCBD80034FAD3 /* Player.swift */ = {isa = PBXFileReference; fileEncoding = 4; lastKnownFileType = sourcecode.swift; name = Player.swift; path = Player/Sources/Player.swift; sourceTree = "<group>"; };
		2434F5971D5EA90800FEAA32 /* PlayVisualComponent.swift */ = {isa = PBXFileReference; fileEncoding = 4; lastKnownFileType = sourcecode.swift; path = PlayVisualComponent.swift; sourceTree = "<group>"; };
		2434F59B1D5F14A400FEAA32 /* bufferLoading.gif */ = {isa = PBXFileReference; lastKnownFileType = image.gif; path = bufferLoading.gif; sourceTree = "<group>"; };
		2434F59C1D5F14A400FEAA32 /* wait.png */ = {isa = PBXFileReference; lastKnownFileType = image.png; path = wait.png; sourceTree = "<group>"; };
		2434F59F1D5F14A400FEAA32 /* stop.png */ = {isa = PBXFileReference; lastKnownFileType = image.png; path = stop.png; sourceTree = "<group>"; };
		2434F5A61D5F150A00FEAA32 /* play.png */ = {isa = PBXFileReference; lastKnownFileType = image.png; path = play.png; sourceTree = "<group>"; };
		A6624E1408FB57F562C53BEA /* Pods.framework */ = {isa = PBXFileReference; explicitFileType = wrapper.framework; includeInIndex = 0; path = Pods.framework; sourceTree = BUILT_PRODUCTS_DIR; };
		C4C2C232BEB86AB080681B9B /* Pods.release.xcconfig */ = {isa = PBXFileReference; includeInIndex = 1; lastKnownFileType = text.xcconfig; name = Pods.release.xcconfig; path = "Pods/Target Support Files/Pods/Pods.release.xcconfig"; sourceTree = "<group>"; };
/* End PBXFileReference section */

/* Begin PBXFrameworksBuildPhase section */
		241764421D5DBE830034FAD3 /* Frameworks */ = {
			isa = PBXFrameworksBuildPhase;
			buildActionMask = 2147483647;
			files = (
				8A8790A150042FBF89837D97 /* Pods.framework in Frameworks */,
			);
			runOnlyForDeploymentPostprocessing = 0;
		};
/* End PBXFrameworksBuildPhase section */

/* Begin PBXGroup section */
		2417643C1D5DBE830034FAD3 = {
			isa = PBXGroup;
			children = (
				2417645E1D5DCBBB0034FAD3 /* Source */,
				241764471D5DBE830034FAD3 /* PlayerVisual */,
				241764461D5DBE830034FAD3 /* Products */,
				96D9F7D39808BDAB77E00416 /* Pods */,
				8887D75DCBAAC0BFD64051B0 /* Frameworks */,
			);
			sourceTree = "<group>";
		};
		241764461D5DBE830034FAD3 /* Products */ = {
			isa = PBXGroup;
			children = (
				241764451D5DBE830034FAD3 /* PlayerVisual.app */,
			);
			name = Products;
			sourceTree = "<group>";
		};
		241764471D5DBE830034FAD3 /* PlayerVisual */ = {
			isa = PBXGroup;
			children = (
				241764481D5DBE830034FAD3 /* AppDelegate.swift */,
				2417644A1D5DBE830034FAD3 /* ViewController.swift */,
				2417644C1D5DBE830034FAD3 /* Main.storyboard */,
				2417644F1D5DBE830034FAD3 /* Assets.xcassets */,
				241764511D5DBE830034FAD3 /* LaunchScreen.storyboard */,
				241764541D5DBE830034FAD3 /* Info.plist */,
			);
			path = PlayerVisual;
			sourceTree = "<group>";
		};
		2417645E1D5DCBBB0034FAD3 /* Source */ = {
			isa = PBXGroup;
			children = (
				2434F5991D5F14A400FEAA32 /* Resource */,
				2417649D1D5DCBD80034FAD3 /* Player.swift */,
				2417647E1D5DCBBB0034FAD3 /* PlayerExtension.swift */,
				2417647F1D5DCBBB0034FAD3 /* PlayerVisual.swift */,
				2434F5971D5EA90800FEAA32 /* PlayVisualComponent.swift */,
			);
			path = Source;
			sourceTree = "<group>";
		};
		2434F5991D5F14A400FEAA32 /* Resource */ = {
			isa = PBXGroup;
			children = (
				2434F5A61D5F150A00FEAA32 /* play.png */,
				2434F59B1D5F14A400FEAA32 /* bufferLoading.gif */,
				2434F59C1D5F14A400FEAA32 /* wait.png */,
				2434F59F1D5F14A400FEAA32 /* stop.png */,
			);
			path = Resource;
			sourceTree = "<group>";
		};
		8887D75DCBAAC0BFD64051B0 /* Frameworks */ = {
			isa = PBXGroup;
			children = (
				A6624E1408FB57F562C53BEA /* Pods.framework */,
			);
			name = Frameworks;
			sourceTree = "<group>";
		};
		96D9F7D39808BDAB77E00416 /* Pods */ = {
			isa = PBXGroup;
			children = (
				05F66AB20228C99FF7BABC21 /* Pods.debug.xcconfig */,
				C4C2C232BEB86AB080681B9B /* Pods.release.xcconfig */,
			);
			name = Pods;
			sourceTree = "<group>";
		};
/* End PBXGroup section */

/* Begin PBXNativeTarget section */
		241764441D5DBE830034FAD3 /* PlayerVisual */ = {
			isa = PBXNativeTarget;
			buildConfigurationList = 241764571D5DBE830034FAD3 /* Build configuration list for PBXNativeTarget "PlayerVisual" */;
			buildPhases = (
				8FB48DF5AB8E597378598FE1 /* Check Pods Manifest.lock */,
				241764411D5DBE830034FAD3 /* Sources */,
				241764421D5DBE830034FAD3 /* Frameworks */,
				241764431D5DBE830034FAD3 /* Resources */,
				FD9673515EDDD92900BA332D /* Embed Pods Frameworks */,
				655B2FD4D26B9B836E208079 /* Copy Pods Resources */,
			);
			buildRules = (
			);
			dependencies = (
			);
			name = PlayerVisual;
			productName = PlayerVisual;
			productReference = 241764451D5DBE830034FAD3 /* PlayerVisual.app */;
			productType = "com.apple.product-type.application";
		};
/* End PBXNativeTarget section */

/* Begin PBXProject section */
		2417643D1D5DBE830034FAD3 /* Project object */ = {
			isa = PBXProject;
			attributes = {
				LastSwiftUpdateCheck = 0730;
				LastUpgradeCheck = 0730;
				ORGANIZATIONNAME = zm_iOS;
				TargetAttributes = {
					241764441D5DBE830034FAD3 = {
						CreatedOnToolsVersion = 7.3;
						DevelopmentTeam = K3PS3HFVN9;
					};
				};
			};
			buildConfigurationList = 241764401D5DBE830034FAD3 /* Build configuration list for PBXProject "PlayerVisual" */;
			compatibilityVersion = "Xcode 3.2";
			developmentRegion = English;
			hasScannedForEncodings = 0;
			knownRegions = (
				en,
				Base,
			);
			mainGroup = 2417643C1D5DBE830034FAD3;
			productRefGroup = 241764461D5DBE830034FAD3 /* Products */;
			projectDirPath = "";
			projectRoot = "";
			targets = (
				241764441D5DBE830034FAD3 /* PlayerVisual */,
			);
		};
/* End PBXProject section */

/* Begin PBXResourcesBuildPhase section */
		241764431D5DBE830034FAD3 /* Resources */ = {
			isa = PBXResourcesBuildPhase;
			buildActionMask = 2147483647;
			files = (
				2434F5A71D5F150A00FEAA32 /* play.png in Resources */,
				241764531D5DBE830034FAD3 /* LaunchScreen.storyboard in Resources */,
				2434F5A21D5F14A400FEAA32 /* wait.png in Resources */,
				2434F5A51D5F14A400FEAA32 /* stop.png in Resources */,
				2434F5A11D5F14A400FEAA32 /* bufferLoading.gif in Resources */,
				241764501D5DBE830034FAD3 /* Assets.xcassets in Resources */,
				2417644E1D5DBE830034FAD3 /* Main.storyboard in Resources */,
			);
			runOnlyForDeploymentPostprocessing = 0;
		};
/* End PBXResourcesBuildPhase section */

/* Begin PBXShellScriptBuildPhase section */
		655B2FD4D26B9B836E208079 /* Copy Pods Resources */ = {
			isa = PBXShellScriptBuildPhase;
			buildActionMask = 2147483647;
			files = (
			);
			inputPaths = (
			);
			name = "Copy Pods Resources";
			outputPaths = (
			);
			runOnlyForDeploymentPostprocessing = 0;
			shellPath = /bin/sh;
			shellScript = "\"${SRCROOT}/Pods/Target Support Files/Pods/Pods-resources.sh\"\n";
			showEnvVarsInLog = 0;
		};
		8FB48DF5AB8E597378598FE1 /* Check Pods Manifest.lock */ = {
			isa = PBXShellScriptBuildPhase;
			buildActionMask = 2147483647;
			files = (
			);
			inputPaths = (
			);
			name = "Check Pods Manifest.lock";
			outputPaths = (
			);
			runOnlyForDeploymentPostprocessing = 0;
			shellPath = /bin/sh;
			shellScript = "diff \"${PODS_ROOT}/../Podfile.lock\" \"${PODS_ROOT}/Manifest.lock\" > /dev/null\nif [[ $? != 0 ]] ; then\n    cat << EOM\nerror: The sandbox is not in sync with the Podfile.lock. Run 'pod install' or update your CocoaPods installation.\nEOM\n    exit 1\nfi\n";
			showEnvVarsInLog = 0;
		};
		FD9673515EDDD92900BA332D /* Embed Pods Frameworks */ = {
			isa = PBXShellScriptBuildPhase;
			buildActionMask = 2147483647;
			files = (
			);
			inputPaths = (
			);
			name = "Embed Pods Frameworks";
			outputPaths = (
			);
			runOnlyForDeploymentPostprocessing = 0;
			shellPath = /bin/sh;
			shellScript = "\"${SRCROOT}/Pods/Target Support Files/Pods/Pods-frameworks.sh\"\n";
			showEnvVarsInLog = 0;
		};
/* End PBXShellScriptBuildPhase section */

/* Begin PBXSourcesBuildPhase section */
		241764411D5DBE830034FAD3 /* Sources */ = {
			isa = PBXSourcesBuildPhase;
			buildActionMask = 2147483647;
			files = (
				241764961D5DCBBB0034FAD3 /* PlayerVisual.swift in Sources */,
				2434F5981D5EA90800FEAA32 /* PlayVisualComponent.swift in Sources */,
				241764951D5DCBBB0034FAD3 /* PlayerExtension.swift in Sources */,
				2417644B1D5DBE830034FAD3 /* ViewController.swift in Sources */,
				2417649E1D5DCBD80034FAD3 /* Player.swift in Sources */,
				241764491D5DBE830034FAD3 /* AppDelegate.swift in Sources */,
			);
			runOnlyForDeploymentPostprocessing = 0;
		};
/* End PBXSourcesBuildPhase section */

/* Begin PBXVariantGroup section */
		2417644C1D5DBE830034FAD3 /* Main.storyboard */ = {
			isa = PBXVariantGroup;
			children = (
				2417644D1D5DBE830034FAD3 /* Base */,
			);
			name = Main.storyboard;
			sourceTree = "<group>";
		};
		241764511D5DBE830034FAD3 /* LaunchScreen.storyboard */ = {
			isa = PBXVariantGroup;
			children = (
				241764521D5DBE830034FAD3 /* Base */,
			);
			name = LaunchScreen.storyboard;
			sourceTree = "<group>";
		};
/* End PBXVariantGroup section */

/* Begin XCBuildConfiguration section */
		241764551D5DBE830034FAD3 /* Debug */ = {
			isa = XCBuildConfiguration;
			buildSettings = {
				ALWAYS_SEARCH_USER_PATHS = NO;
				CLANG_ANALYZER_NONNULL = YES;
				CLANG_CXX_LANGUAGE_STANDARD = "gnu++0x";
				CLANG_CXX_LIBRARY = "libc++";
				CLANG_ENABLE_MODULES = YES;
				CLANG_ENABLE_OBJC_ARC = YES;
				CLANG_WARN_BOOL_CONVERSION = YES;
				CLANG_WARN_CONSTANT_CONVERSION = YES;
				CLANG_WARN_DIRECT_OBJC_ISA_USAGE = YES_ERROR;
				CLANG_WARN_EMPTY_BODY = YES;
				CLANG_WARN_ENUM_CONVERSION = YES;
				CLANG_WARN_INT_CONVERSION = YES;
				CLANG_WARN_OBJC_ROOT_CLASS = YES_ERROR;
				CLANG_WARN_UNREACHABLE_CODE = YES;
				CLANG_WARN__DUPLICATE_METHOD_MATCH = YES;
				"CODE_SIGN_IDENTITY[sdk=iphoneos*]" = "iPhone Developer";
				COPY_PHASE_STRIP = NO;
				DEBUG_INFORMATION_FORMAT = dwarf;
				ENABLE_STRICT_OBJC_MSGSEND = YES;
				ENABLE_TESTABILITY = YES;
				GCC_C_LANGUAGE_STANDARD = gnu99;
				GCC_DYNAMIC_NO_PIC = NO;
				GCC_NO_COMMON_BLOCKS = YES;
				GCC_OPTIMIZATION_LEVEL = 0;
				GCC_PREPROCESSOR_DEFINITIONS = (
					"DEBUG=1",
					"$(inherited)",
				);
				GCC_WARN_64_TO_32_BIT_CONVERSION = YES;
				GCC_WARN_ABOUT_RETURN_TYPE = YES_ERROR;
				GCC_WARN_UNDECLARED_SELECTOR = YES;
				GCC_WARN_UNINITIALIZED_AUTOS = YES_AGGRESSIVE;
				GCC_WARN_UNUSED_FUNCTION = YES;
				GCC_WARN_UNUSED_VARIABLE = YES;
				IPHONEOS_DEPLOYMENT_TARGET = 9.3;
				MTL_ENABLE_DEBUG_INFO = YES;
				ONLY_ACTIVE_ARCH = YES;
				SDKROOT = iphoneos;
				SWIFT_OPTIMIZATION_LEVEL = "-Onone";
				TARGETED_DEVICE_FAMILY = "1,2";
			};
			name = Debug;
		};
		241764561D5DBE830034FAD3 /* Release */ = {
			isa = XCBuildConfiguration;
			buildSettings = {
				ALWAYS_SEARCH_USER_PATHS = NO;
				CLANG_ANALYZER_NONNULL = YES;
				CLANG_CXX_LANGUAGE_STANDARD = "gnu++0x";
				CLANG_CXX_LIBRARY = "libc++";
				CLANG_ENABLE_MODULES = YES;
				CLANG_ENABLE_OBJC_ARC = YES;
				CLANG_WARN_BOOL_CONVERSION = YES;
				CLANG_WARN_CONSTANT_CONVERSION = YES;
				CLANG_WARN_DIRECT_OBJC_ISA_USAGE = YES_ERROR;
				CLANG_WARN_EMPTY_BODY = YES;
				CLANG_WARN_ENUM_CONVERSION = YES;
				CLANG_WARN_INT_CONVERSION = YES;
				CLANG_WARN_OBJC_ROOT_CLASS = YES_ERROR;
				CLANG_WARN_UNREACHABLE_CODE = YES;
				CLANG_WARN__DUPLICATE_METHOD_MATCH = YES;
				"CODE_SIGN_IDENTITY[sdk=iphoneos*]" = "iPhone Developer";
				COPY_PHASE_STRIP = NO;
				DEBUG_INFORMATION_FORMAT = "dwarf-with-dsym";
				ENABLE_NS_ASSERTIONS = NO;
				ENABLE_STRICT_OBJC_MSGSEND = YES;
				GCC_C_LANGUAGE_STANDARD = gnu99;
				GCC_NO_COMMON_BLOCKS = YES;
				GCC_WARN_64_TO_32_BIT_CONVERSION = YES;
				GCC_WARN_ABOUT_RETURN_TYPE = YES_ERROR;
				GCC_WARN_UNDECLARED_SELECTOR = YES;
				GCC_WARN_UNINITIALIZED_AUTOS = YES_AGGRESSIVE;
				GCC_WARN_UNUSED_FUNCTION = YES;
				GCC_WARN_UNUSED_VARIABLE = YES;
				IPHONEOS_DEPLOYMENT_TARGET = 9.3;
				MTL_ENABLE_DEBUG_INFO = NO;
				SDKROOT = iphoneos;
				TARGETED_DEVICE_FAMILY = "1,2";
				VALIDATE_PRODUCT = YES;
			};
			name = Release;
		};
		241764581D5DBE830034FAD3 /* Debug */ = {
			isa = XCBuildConfiguration;
			baseConfigurationReference = 05F66AB20228C99FF7BABC21 /* Pods.debug.xcconfig */;
			buildSettings = {
				ASSETCATALOG_COMPILER_APPICON_NAME = AppIcon;
				INFOPLIST_FILE = PlayerVisual/Info.plist;
				LD_RUNPATH_SEARCH_PATHS = "$(inherited) @executable_path/Frameworks";
				PRODUCT_BUNDLE_IDENTIFIER = zm.PlayerVisual;
				PRODUCT_NAME = "$(TARGET_NAME)";
			};
			name = Debug;
		};
		241764591D5DBE830034FAD3 /* Release */ = {
			isa = XCBuildConfiguration;
			baseConfigurationReference = C4C2C232BEB86AB080681B9B /* Pods.release.xcconfig */;
			buildSettings = {
				ASSETCATALOG_COMPILER_APPICON_NAME = AppIcon;
				INFOPLIST_FILE = PlayerVisual/Info.plist;
				LD_RUNPATH_SEARCH_PATHS = "$(inherited) @executable_path/Frameworks";
				PRODUCT_BUNDLE_IDENTIFIER = zm.PlayerVisual;
				PRODUCT_NAME = "$(TARGET_NAME)";
			};
			name = Release;
		};
/* End XCBuildConfiguration section */

/* Begin XCConfigurationList section */
		241764401D5DBE830034FAD3 /* Build configuration list for PBXProject "PlayerVisual" */ = {
			isa = XCConfigurationList;
			buildConfigurations = (
				241764551D5DBE830034FAD3 /* Debug */,
				241764561D5DBE830034FAD3 /* Release */,
			);
			defaultConfigurationIsVisible = 0;
			defaultConfigurationName = Release;
		};
		241764571D5DBE830034FAD3 /* Build configuration list for PBXNativeTarget "PlayerVisual" */ = {
			isa = XCConfigurationList;
			buildConfigurations = (
				241764581D5DBE830034FAD3 /* Debug */,
				241764591D5DBE830034FAD3 /* Release */,
			);
			defaultConfigurationIsVisible = 0;
			defaultConfigurationName = Release;
		};
/* End XCConfigurationList section */
	};
	rootObject = 2417643D1D5DBE830034FAD3 /* Project object */;
}
