// !$*UTF8*$!
{
	archiveVersion = 1;
	classes = {
	};
	objectVersion = 46;
	objects = {

/* Begin PBXBuildFile section */
		2410C1F01D64677E00BB7E96 /* PlayerVisual.h in Headers */ = {isa = PBXBuildFile; fileRef = 2410C1EF1D64677E00BB7E96 /* PlayerVisual.h */; settings = {ATTRIBUTES = (Public, ); }; };
		248FB0B21D64773300E198BF /* PlayerVisual.swift in Sources */ = {isa = PBXBuildFile; fileRef = 248FB0B11D64773300E198BF /* PlayerVisual.swift */; };
		248FB0B51D64774F00E198BF /* PlayerVisualViewDefault.swift in Sources */ = {isa = PBXBuildFile; fileRef = 248FB0B31D64774F00E198BF /* PlayerVisualViewDefault.swift */; };
		248FB0B61D64774F00E198BF /* PlayVisualControlBar.swift in Sources */ = {isa = PBXBuildFile; fileRef = 248FB0B41D64774F00E198BF /* PlayVisualControlBar.swift */; };
		248FB0B81D64778C00E198BF /* Resource in Resources */ = {isa = PBXBuildFile; fileRef = 248FB0B71D64778C00E198BF /* Resource */; };
/* End PBXBuildFile section */

/* Begin PBXContainerItemProxy section */
		248FB09A1D64755500E198BF /* PBXContainerItemProxy */ = {
			isa = PBXContainerItemProxy;
			containerPortal = 248FB0961D64755500E198BF /* QPlayer.xcodeproj */;
			proxyType = 2;
			remoteGlobalIDString = 2410C2141D646EE200BB7E96;
			remoteInfo = QPlayer;
		};
/* End PBXContainerItemProxy section */

/* Begin PBXFileReference section */
		2410C1EC1D64677E00BB7E96 /* PlayerVisual.framework */ = {isa = PBXFileReference; explicitFileType = wrapper.framework; includeInIndex = 0; path = PlayerVisual.framework; sourceTree = BUILT_PRODUCTS_DIR; };
		2410C1EF1D64677E00BB7E96 /* PlayerVisual.h */ = {isa = PBXFileReference; lastKnownFileType = sourcecode.c.h; path = PlayerVisual.h; sourceTree = "<group>"; };
		2410C1F11D64677E00BB7E96 /* Info.plist */ = {isa = PBXFileReference; lastKnownFileType = text.plist.xml; path = Info.plist; sourceTree = "<group>"; };
		248FB0961D64755500E198BF /* QPlayer.xcodeproj */ = {isa = PBXFileReference; lastKnownFileType = "wrapper.pb-project"; name = QPlayer.xcodeproj; path = ../QPlayer/Project/QPlayer.xcodeproj; sourceTree = "<group>"; };
		248FB0B11D64773300E198BF /* PlayerVisual.swift */ = {isa = PBXFileReference; fileEncoding = 4; lastKnownFileType = sourcecode.swift; name = PlayerVisual.swift; path = Source/PlayerVisual.swift; sourceTree = "<group>"; };
		248FB0B31D64774F00E198BF /* PlayerVisualViewDefault.swift */ = {isa = PBXFileReference; fileEncoding = 4; lastKnownFileType = sourcecode.swift; name = PlayerVisualViewDefault.swift; path = Source/Components/PlayerVisualViewDefault.swift; sourceTree = "<group>"; };
		248FB0B41D64774F00E198BF /* PlayVisualControlBar.swift */ = {isa = PBXFileReference; fileEncoding = 4; lastKnownFileType = sourcecode.swift; name = PlayVisualControlBar.swift; path = Source/Components/PlayVisualControlBar.swift; sourceTree = "<group>"; };
		248FB0B71D64778C00E198BF /* Resource */ = {isa = PBXFileReference; lastKnownFileType = folder; name = Resource; path = Source/Resource; sourceTree = "<group>"; };
/* End PBXFileReference section */

/* Begin PBXFrameworksBuildPhase section */
		2410C1E81D64677E00BB7E96 /* Frameworks */ = {
			isa = PBXFrameworksBuildPhase;
			buildActionMask = 2147483647;
			files = (
			);
			runOnlyForDeploymentPostprocessing = 0;
		};
/* End PBXFrameworksBuildPhase section */

/* Begin PBXGroup section */
		2410C1E21D64677E00BB7E96 = {
			isa = PBXGroup;
			children = (
				248FB09E1D6475E800E198BF /* Frameworks */,
				2410C1EE1D64677E00BB7E96 /* PlayerVisual */,
				2410C1ED1D64677E00BB7E96 /* Products */,
			);
			sourceTree = "<group>";
		};
		2410C1ED1D64677E00BB7E96 /* Products */ = {
			isa = PBXGroup;
			children = (
				2410C1EC1D64677E00BB7E96 /* PlayerVisual.framework */,
			);
			name = Products;
			sourceTree = "<group>";
		};
		2410C1EE1D64677E00BB7E96 /* PlayerVisual */ = {
			isa = PBXGroup;
			children = (
				248FB0B71D64778C00E198BF /* Resource */,
				248FB0AF1D64771200E198BF /* Components */,
				248FB0B11D64773300E198BF /* PlayerVisual.swift */,
				2410C1EF1D64677E00BB7E96 /* PlayerVisual.h */,
				2410C1F11D64677E00BB7E96 /* Info.plist */,
			);
			path = PlayerVisual;
			sourceTree = "<group>";
		};
		248FB0971D64755500E198BF /* Products */ = {
			isa = PBXGroup;
			children = (
				248FB09B1D64755500E198BF /* QPlayer.framework */,
			);
			name = Products;
			sourceTree = "<group>";
		};
		248FB09E1D6475E800E198BF /* Frameworks */ = {
			isa = PBXGroup;
			children = (
				248FB0961D64755500E198BF /* QPlayer.xcodeproj */,
			);
			name = Frameworks;
			sourceTree = "<group>";
		};
		248FB0AF1D64771200E198BF /* Components */ = {
			isa = PBXGroup;
			children = (
				248FB0B31D64774F00E198BF /* PlayerVisualViewDefault.swift */,
				248FB0B41D64774F00E198BF /* PlayVisualControlBar.swift */,
			);
			name = Components;
			sourceTree = "<group>";
		};
/* End PBXGroup section */

/* Begin PBXHeadersBuildPhase section */
		2410C1E91D64677E00BB7E96 /* Headers */ = {
			isa = PBXHeadersBuildPhase;
			buildActionMask = 2147483647;
			files = (
				2410C1F01D64677E00BB7E96 /* PlayerVisual.h in Headers */,
			);
			runOnlyForDeploymentPostprocessing = 0;
		};
/* End PBXHeadersBuildPhase section */

/* Begin PBXNativeTarget section */
		2410C1EB1D64677E00BB7E96 /* PlayerVisual */ = {
			isa = PBXNativeTarget;
			buildConfigurationList = 2410C2001D64677E00BB7E96 /* Build configuration list for PBXNativeTarget "PlayerVisual" */;
			buildPhases = (
				2410C1E71D64677E00BB7E96 /* Sources */,
				2410C1E81D64677E00BB7E96 /* Frameworks */,
				2410C1E91D64677E00BB7E96 /* Headers */,
				2410C1EA1D64677E00BB7E96 /* Resources */,
			);
			buildRules = (
			);
			dependencies = (
			);
			name = PlayerVisual;
			productName = PlayerVisual;
			productReference = 2410C1EC1D64677E00BB7E96 /* PlayerVisual.framework */;
			productType = "com.apple.product-type.framework";
		};
/* End PBXNativeTarget section */

/* Begin PBXProject section */
		2410C1E31D64677E00BB7E96 /* Project object */ = {
			isa = PBXProject;
			attributes = {
				LastSwiftUpdateCheck = 0730;
				LastUpgradeCheck = 0730;
				ORGANIZATIONNAME = zm_iOS;
				TargetAttributes = {
					2410C1EB1D64677E00BB7E96 = {
						CreatedOnToolsVersion = 7.3;
						DevelopmentTeam = K3PS3HFVN9;
					};
				};
			};
			buildConfigurationList = 2410C1E61D64677E00BB7E96 /* Build configuration list for PBXProject "PlayerVisual" */;
			compatibilityVersion = "Xcode 3.2";
			developmentRegion = English;
			hasScannedForEncodings = 0;
			knownRegions = (
				en,
			);
			mainGroup = 2410C1E21D64677E00BB7E96;
			productRefGroup = 2410C1ED1D64677E00BB7E96 /* Products */;
			projectDirPath = "";
			projectReferences = (
				{
					ProductGroup = 248FB0971D64755500E198BF /* Products */;
					ProjectRef = 248FB0961D64755500E198BF /* QPlayer.xcodeproj */;
				},
			);
			projectRoot = "";
			targets = (
				2410C1EB1D64677E00BB7E96 /* PlayerVisual */,
			);
		};
/* End PBXProject section */

/* Begin PBXReferenceProxy section */
		248FB09B1D64755500E198BF /* QPlayer.framework */ = {
			isa = PBXReferenceProxy;
			fileType = wrapper.framework;
			path = QPlayer.framework;
			remoteRef = 248FB09A1D64755500E198BF /* PBXContainerItemProxy */;
			sourceTree = BUILT_PRODUCTS_DIR;
		};
/* End PBXReferenceProxy section */

/* Begin PBXResourcesBuildPhase section */
		2410C1EA1D64677E00BB7E96 /* Resources */ = {
			isa = PBXResourcesBuildPhase;
			buildActionMask = 2147483647;
			files = (
				248FB0B81D64778C00E198BF /* Resource in Resources */,
			);
			runOnlyForDeploymentPostprocessing = 0;
		};
/* End PBXResourcesBuildPhase section */

/* Begin PBXSourcesBuildPhase section */
		2410C1E71D64677E00BB7E96 /* Sources */ = {
			isa = PBXSourcesBuildPhase;
			buildActionMask = 2147483647;
			files = (
				248FB0B61D64774F00E198BF /* PlayVisualControlBar.swift in Sources */,
				248FB0B21D64773300E198BF /* PlayerVisual.swift in Sources */,
				248FB0B51D64774F00E198BF /* PlayerVisualViewDefault.swift in Sources */,
			);
			runOnlyForDeploymentPostprocessing = 0;
		};
/* End PBXSourcesBuildPhase section */

/* Begin XCBuildConfiguration section */
		2410C1FE1D64677E00BB7E96 /* Debug */ = {
			isa = XCBuildConfiguration;
			buildSettings = {
				ALWAYS_SEARCH_USER_PATHS = NO;
				CLANG_ANALYZER_NONNULL = YES;
				CLANG_CXX_LANGUAGE_STANDARD = "gnu++0x";
				CLANG_CXX_LIBRARY = "libc++";
				CLANG_ENABLE_MODULES = YES;
				CLANG_ENABLE_OBJC_ARC = YES;
				CLANG_WARN_BOOL_CONVERSION = YES;
				CLANG_WARN_CONSTANT_CONVERSION = YES;
				CLANG_WARN_DIRECT_OBJC_ISA_USAGE = YES_ERROR;
				CLANG_WARN_EMPTY_BODY = YES;
				CLANG_WARN_ENUM_CONVERSION = YES;
				CLANG_WARN_INT_CONVERSION = YES;
				CLANG_WARN_OBJC_ROOT_CLASS = YES_ERROR;
				CLANG_WARN_UNREACHABLE_CODE = YES;
				CLANG_WARN__DUPLICATE_METHOD_MATCH = YES;
				"CODE_SIGN_IDENTITY[sdk=iphoneos*]" = "iPhone Developer";
				COPY_PHASE_STRIP = NO;
				CURRENT_PROJECT_VERSION = 1;
				DEBUG_INFORMATION_FORMAT = dwarf;
				ENABLE_STRICT_OBJC_MSGSEND = YES;
				ENABLE_TESTABILITY = YES;
				GCC_C_LANGUAGE_STANDARD = gnu99;
				GCC_DYNAMIC_NO_PIC = NO;
				GCC_NO_COMMON_BLOCKS = YES;
				GCC_OPTIMIZATION_LEVEL = 0;
				GCC_PREPROCESSOR_DEFINITIONS = (
					"DEBUG=1",
					"$(inherited)",
				);
				GCC_WARN_64_TO_32_BIT_CONVERSION = YES;
				GCC_WARN_ABOUT_RETURN_TYPE = YES_ERROR;
				GCC_WARN_UNDECLARED_SELECTOR = YES;
				GCC_WARN_UNINITIALIZED_AUTOS = YES_AGGRESSIVE;
				GCC_WARN_UNUSED_FUNCTION = YES;
				GCC_WARN_UNUSED_VARIABLE = YES;
				IPHONEOS_DEPLOYMENT_TARGET = 9.3;
				MTL_ENABLE_DEBUG_INFO = YES;
				ONLY_ACTIVE_ARCH = YES;
				SDKROOT = iphoneos;
				SWIFT_OPTIMIZATION_LEVEL = "-Onone";
				TARGETED_DEVICE_FAMILY = "1,2";
				VERSIONING_SYSTEM = "apple-generic";
				VERSION_INFO_PREFIX = "";
			};
			name = Debug;
		};
		2410C1FF1D64677E00BB7E96 /* Release */ = {
			isa = XCBuildConfiguration;
			buildSettings = {
				ALWAYS_SEARCH_USER_PATHS = NO;
				CLANG_ANALYZER_NONNULL = YES;
				CLANG_CXX_LANGUAGE_STANDARD = "gnu++0x";
				CLANG_CXX_LIBRARY = "libc++";
				CLANG_ENABLE_MODULES = YES;
				CLANG_ENABLE_OBJC_ARC = YES;
				CLANG_WARN_BOOL_CONVERSION = YES;
				CLANG_WARN_CONSTANT_CONVERSION = YES;
				CLANG_WARN_DIRECT_OBJC_ISA_USAGE = YES_ERROR;
				CLANG_WARN_EMPTY_BODY = YES;
				CLANG_WARN_ENUM_CONVERSION = YES;
				CLANG_WARN_INT_CONVERSION = YES;
				CLANG_WARN_OBJC_ROOT_CLASS = YES_ERROR;
				CLANG_WARN_UNREACHABLE_CODE = YES;
				CLANG_WARN__DUPLICATE_METHOD_MATCH = YES;
				"CODE_SIGN_IDENTITY[sdk=iphoneos*]" = "iPhone Developer";
				COPY_PHASE_STRIP = NO;
				CURRENT_PROJECT_VERSION = 1;
				DEBUG_INFORMATION_FORMAT = "dwarf-with-dsym";
				ENABLE_NS_ASSERTIONS = NO;
				ENABLE_STRICT_OBJC_MSGSEND = YES;
				GCC_C_LANGUAGE_STANDARD = gnu99;
				GCC_NO_COMMON_BLOCKS = YES;
				GCC_WARN_64_TO_32_BIT_CONVERSION = YES;
				GCC_WARN_ABOUT_RETURN_TYPE = YES_ERROR;
				GCC_WARN_UNDECLARED_SELECTOR = YES;
				GCC_WARN_UNINITIALIZED_AUTOS = YES_AGGRESSIVE;
				GCC_WARN_UNUSED_FUNCTION = YES;
				GCC_WARN_UNUSED_VARIABLE = YES;
				IPHONEOS_DEPLOYMENT_TARGET = 9.3;
				MTL_ENABLE_DEBUG_INFO = NO;
				SDKROOT = iphoneos;
				TARGETED_DEVICE_FAMILY = "1,2";
				VALIDATE_PRODUCT = YES;
				VERSIONING_SYSTEM = "apple-generic";
				VERSION_INFO_PREFIX = "";
			};
			name = Release;
		};
		2410C2011D64677E00BB7E96 /* Debug */ = {
			isa = XCBuildConfiguration;
			buildSettings = {
				CLANG_ENABLE_MODULES = YES;
				DEFINES_MODULE = YES;
				DYLIB_COMPATIBILITY_VERSION = 1;
				DYLIB_CURRENT_VERSION = 1;
				DYLIB_INSTALL_NAME_BASE = "@rpath";
				INFOPLIST_FILE = PlayerVisual/Info.plist;
				INSTALL_PATH = "$(LOCAL_LIBRARY_DIR)/Frameworks";
				LD_RUNPATH_SEARCH_PATHS = "$(inherited) @executable_path/Frameworks @loader_path/Frameworks";
				PRODUCT_BUNDLE_IDENTIFIER = zm.PlayerVisual;
				PRODUCT_NAME = "$(TARGET_NAME)";
				SKIP_INSTALL = YES;
				SWIFT_OPTIMIZATION_LEVEL = "-Onone";
			};
			name = Debug;
		};
		2410C2021D64677E00BB7E96 /* Release */ = {
			isa = XCBuildConfiguration;
			buildSettings = {
				CLANG_ENABLE_MODULES = YES;
				DEFINES_MODULE = YES;
				DYLIB_COMPATIBILITY_VERSION = 1;
				DYLIB_CURRENT_VERSION = 1;
				DYLIB_INSTALL_NAME_BASE = "@rpath";
				INFOPLIST_FILE = PlayerVisual/Info.plist;
				INSTALL_PATH = "$(LOCAL_LIBRARY_DIR)/Frameworks";
				LD_RUNPATH_SEARCH_PATHS = "$(inherited) @executable_path/Frameworks @loader_path/Frameworks";
				PRODUCT_BUNDLE_IDENTIFIER = zm.PlayerVisual;
				PRODUCT_NAME = "$(TARGET_NAME)";
				SKIP_INSTALL = YES;
			};
			name = Release;
		};
/* End XCBuildConfiguration section */

/* Begin XCConfigurationList section */
		2410C1E61D64677E00BB7E96 /* Build configuration list for PBXProject "PlayerVisual" */ = {
			isa = XCConfigurationList;
			buildConfigurations = (
				2410C1FE1D64677E00BB7E96 /* Debug */,
				2410C1FF1D64677E00BB7E96 /* Release */,
			);
			defaultConfigurationIsVisible = 0;
			defaultConfigurationName = Release;
		};
		2410C2001D64677E00BB7E96 /* Build configuration list for PBXNativeTarget "PlayerVisual" */ = {
			isa = XCConfigurationList;
			buildConfigurations = (
				2410C2011D64677E00BB7E96 /* Debug */,
				2410C2021D64677E00BB7E96 /* Release */,
			);
			defaultConfigurationIsVisible = 0;
			defaultConfigurationName = Release;
		};
/* End XCConfigurationList section */
	};
	rootObject = 2410C1E31D64677E00BB7E96 /* Project object */;
}
